
Microsoft Visual Studio Solution File, Format Version 12.00
Project("{2150E333-8FDC-42A3-9474-1A3956D46DE8}") = "Src", "Src", "{4BFAB032-8C8E-4B14-96D4-1B94928AF6AD}"
EndProject
Project("{2150E333-8FDC-42A3-9474-1A3956D46DE8}") = "Core", "Core", "{056A9850-0155-4521-B8FD-F33A5F7530E4}"
EndProject
Project("{2150E333-8FDC-42A3-9474-1A3956D46DE8}") = "Infrastructure", "Infrastructure", "{330DBD36-D5FC-4E9D-AE7A-D360F501B170}"
EndProject
Project("{2150E333-8FDC-42A3-9474-1A3956D46DE8}") = "Prensentation", "Prensentation", "{1B47ECFD-1732-4EE9-9B8B-4F0CC82DE9B7}"
EndProject
Project("{FAE04EC0-301F-11D3-BF4B-00C04F79EFBC}") = "UHP.Application", "Src\Core\UHP.Application\UHP.Application.csproj", "{B58D7403-0DC3-4515-B845-51D288925809}"
EndProject
Project("{FAE04EC0-301F-11D3-BF4B-00C04F79EFBC}") = "UHP.Infrastructure", "Src\Infrastructure\UHP.Infrastructure\UHP.Infrastructure.csproj", "{ECFC839D-462A-4A7B-AD33-D7AFE1BCF43C}"
EndProject
Project("{FAE04EC0-301F-11D3-BF4B-00C04F79EFBC}") = "UHP.WebApi", "Src\Prensentation\UHP.WebApi\UHP.WebApi.csproj", "{734A0E0C-126D-4867-AA6B-7AC64FA8059C}"
EndProject
Project("{FAE04EC0-301F-11D3-BF4B-00C04F79EFBC}") = "UHP.Domain", "Src\Core\UHP.Domain\UHP.Domain.csproj", "{2D9E15D8-80DF-49B3-92C7-D9976E1907CD}"
EndProject
Project("{FAE04EC0-301F-11D3-BF4B-00C04F79EFBC}") = "UHP.Persistence", "Src\Infrastructure\UHP.Persistence\UHP.Persistence.csproj", "{4E289C2E-A034-4AB6-B23C-52EF829DFA45}"
EndProject
Project("{2150E333-8FDC-42A3-9474-1A3956D46DE8}") = "Docs", "Docs", "{1D9236F3-1DE5-47E9-89C3-3C50B17BDBD5}"
EndProject
Global
	GlobalSection(SolutionConfigurationPlatforms) = preSolution
		Debug|Any CPU = Debug|Any CPU
		Release|Any CPU = Release|Any CPU
	EndGlobalSection
	GlobalSection(NestedProjects) = preSolution
		{056A9850-0155-4521-B8FD-F33A5F7530E4} = {4BFAB032-8C8E-4B14-96D4-1B94928AF6AD}
		{330DBD36-D5FC-4E9D-AE7A-D360F501B170} = {4BFAB032-8C8E-4B14-96D4-1B94928AF6AD}
		{1B47ECFD-1732-4EE9-9B8B-4F0CC82DE9B7} = {4BFAB032-8C8E-4B14-96D4-1B94928AF6AD}
		{B58D7403-0DC3-4515-B845-51D288925809} = {056A9850-0155-4521-B8FD-F33A5F7530E4}
		{ECFC839D-462A-4A7B-AD33-D7AFE1BCF43C} = {330DBD36-D5FC-4E9D-AE7A-D360F501B170}
		{734A0E0C-126D-4867-AA6B-7AC64FA8059C} = {1B47ECFD-1732-4EE9-9B8B-4F0CC82DE9B7}
		{2D9E15D8-80DF-49B3-92C7-D9976E1907CD} = {056A9850-0155-4521-B8FD-F33A5F7530E4}
		{4E289C2E-A034-4AB6-B23C-52EF829DFA45} = {330DBD36-D5FC-4E9D-AE7A-D360F501B170}
	EndGlobalSection
	GlobalSection(ProjectConfigurationPlatforms) = postSolution
		{4687FDEA-B085-4E15-AF7D-B9FB8D2C3397}.Debug|Any CPU.ActiveCfg = Debug|Any CPU
		{4687FDEA-B085-4E15-AF7D-B9FB8D2C3397}.Debug|Any CPU.Build.0 = Debug|Any CPU
		{4687FDEA-B085-4E15-AF7D-B9FB8D2C3397}.Release|Any CPU.ActiveCfg = Release|Any CPU
		{4687FDEA-B085-4E15-AF7D-B9FB8D2C3397}.Release|Any CPU.Build.0 = Release|Any CPU
		{B58D7403-0DC3-4515-B845-51D288925809}.Debug|Any CPU.ActiveCfg = Debug|Any CPU
		{B58D7403-0DC3-4515-B845-51D288925809}.Debug|Any CPU.Build.0 = Debug|Any CPU
		{B58D7403-0DC3-4515-B845-51D288925809}.Release|Any CPU.ActiveCfg = Release|Any CPU
		{B58D7403-0DC3-4515-B845-51D288925809}.Release|Any CPU.Build.0 = Release|Any CPU
		{ECFC839D-462A-4A7B-AD33-D7AFE1BCF43C}.Debug|Any CPU.ActiveCfg = Debug|Any CPU
		{ECFC839D-462A-4A7B-AD33-D7AFE1BCF43C}.Debug|Any CPU.Build.0 = Debug|Any CPU
		{ECFC839D-462A-4A7B-AD33-D7AFE1BCF43C}.Release|Any CPU.ActiveCfg = Release|Any CPU
		{ECFC839D-462A-4A7B-AD33-D7AFE1BCF43C}.Release|Any CPU.Build.0 = Release|Any CPU
		{734A0E0C-126D-4867-AA6B-7AC64FA8059C}.Debug|Any CPU.ActiveCfg = Debug|Any CPU
		{734A0E0C-126D-4867-AA6B-7AC64FA8059C}.Debug|Any CPU.Build.0 = Debug|Any CPU
		{734A0E0C-126D-4867-AA6B-7AC64FA8059C}.Release|Any CPU.ActiveCfg = Release|Any CPU
		{734A0E0C-126D-4867-AA6B-7AC64FA8059C}.Release|Any CPU.Build.0 = Release|Any CPU
		{2D9E15D8-80DF-49B3-92C7-D9976E1907CD}.Debug|Any CPU.ActiveCfg = Debug|Any CPU
		{2D9E15D8-80DF-49B3-92C7-D9976E1907CD}.Debug|Any CPU.Build.0 = Debug|Any CPU
		{2D9E15D8-80DF-49B3-92C7-D9976E1907CD}.Release|Any CPU.ActiveCfg = Release|Any CPU
		{2D9E15D8-80DF-49B3-92C7-D9976E1907CD}.Release|Any CPU.Build.0 = Release|Any CPU
		{4E289C2E-A034-4AB6-B23C-52EF829DFA45}.Debug|Any CPU.ActiveCfg = Debug|Any CPU
		{4E289C2E-A034-4AB6-B23C-52EF829DFA45}.Debug|Any CPU.Build.0 = Debug|Any CPU
		{4E289C2E-A034-4AB6-B23C-52EF829DFA45}.Release|Any CPU.ActiveCfg = Release|Any CPU
		{4E289C2E-A034-4AB6-B23C-52EF829DFA45}.Release|Any CPU.Build.0 = Release|Any CPU
	EndGlobalSection
EndGlobal
